
Microsoft Visual Studio Solution File, Format Version 12.00
# Visual Studio Version 17
VisualStudioVersion = 17.9.34728.123
MinimumVisualStudioVersion = 10.0.40219.1
Project("{9A19103F-16F7-4668-BE54-9A1E7A4F7556}") = "TestWebPI", "TestWebPI\TestWebPI.csproj", "{DE27F031-74CC-4E39-B135-E77737D1D9E3}"
EndProject
Project("{2150E333-8FDC-42A3-9474-1A3956D46DE8}") = "Pipelines", "Pipelines", "{AB27490C-7B1D-4295-AA29-01F84049633F}"
	ProjectSection(SolutionItems) = preProject
		.gitignore = .gitignore
		.circleci\config.yml = .circleci\config.yml
	EndProjectSection
EndProject
Global
	GlobalSection(SolutionConfigurationPlatforms) = preSolution
		Debug|Any CPU = Debug|Any CPU
		Release|Any CPU = Release|Any CPU
	EndGlobalSection
	GlobalSection(ProjectConfigurationPlatforms) = postSolution
		{DE27F031-74CC-4E39-B135-E77737D1D9E3}.Debug|Any CPU.ActiveCfg = Debug|Any CPU
		{DE27F031-74CC-4E39-B135-E77737D1D9E3}.Debug|Any CPU.Build.0 = Debug|Any CPU
		{DE27F031-74CC-4E39-B135-E77737D1D9E3}.Release|Any CPU.ActiveCfg = Release|Any CPU
		{DE27F031-74CC-4E39-B135-E77737D1D9E3}.Release|Any CPU.Build.0 = Release|Any CPU
	EndGlobalSection
	GlobalSection(SolutionProperties) = preSolution
		HideSolutionNode = FALSE
	EndGlobalSection
	GlobalSection(ExtensibilityGlobals) = postSolution
		SolutionGuid = {5C71181B-8980-462E-B922-11988BD59E1E}
	EndGlobalSection
EndGlobal
